
Microsoft Visual Studio Solution File, Format Version 12.00
# Visual Studio Version 16
VisualStudioVersion = 16.0.30114.105
MinimumVisualStudioVersion = 10.0.40219.1
Project("{2150E333-8FDC-42A3-9474-1A3956D46DE8}") = "src", "src", "{3C5B8E46-6718-4A1E-BF81-58AD15D51348}"
EndProject
Project("{FAE04EC0-301F-11D3-BF4B-00C04F79EFBC}") = "N7.Either", "src\N7.Either\N7.Either.csproj", "{13082E21-B60A-44C0-9933-4305CF4A81C0}"
EndProject
Global
	GlobalSection(SolutionConfigurationPlatforms) = preSolution
		Debug|Any CPU = Debug|Any CPU
		Release|Any CPU = Release|Any CPU
	EndGlobalSection
	GlobalSection(SolutionProperties) = preSolution
		HideSolutionNode = FALSE
	EndGlobalSection
	GlobalSection(ProjectConfigurationPlatforms) = postSolution
		{13082E21-B60A-44C0-9933-4305CF4A81C0}.Debug|Any CPU.ActiveCfg = Debug|Any CPU
		{13082E21-B60A-44C0-9933-4305CF4A81C0}.Debug|Any CPU.Build.0 = Debug|Any CPU
		{13082E21-B60A-44C0-9933-4305CF4A81C0}.Release|Any CPU.ActiveCfg = Release|Any CPU
		{13082E21-B60A-44C0-9933-4305CF4A81C0}.Release|Any CPU.Build.0 = Release|Any CPU
	EndGlobalSection
	GlobalSection(NestedProjects) = preSolution
		{13082E21-B60A-44C0-9933-4305CF4A81C0} = {3C5B8E46-6718-4A1E-BF81-58AD15D51348}
	EndGlobalSection
EndGlobal
